// !$*UTF8*$!
{
	archiveVersion = 1;
	classes = {
	};
	objectVersion = 46;
	objects = {

/* Begin PBXBuildFile section */
		0E0124C85A7945F515ED813C /* Pods_Hunger_SwiftTests.framework in Frameworks */ = {isa = PBXBuildFile; fileRef = 2962A836284C8D068A9EA265 /* Pods_Hunger_SwiftTests.framework */; };
		5E32BD3C1E0AA6E500C1C9DB /* Diary+CoreDataProperties.swift in Sources */ = {isa = PBXBuildFile; fileRef = 5E32BD3A1E0AA6E500C1C9DB /* Diary+CoreDataProperties.swift */; };
		5E32BD3D1E0AA6E500C1C9DB /* Diary.swift in Sources */ = {isa = PBXBuildFile; fileRef = 5E32BD3B1E0AA6E500C1C9DB /* Diary.swift */; };
		5E32BD3F1E0AB30800C1C9DB /* DiaryCell.swift in Sources */ = {isa = PBXBuildFile; fileRef = 5E32BD3E1E0AB30800C1C9DB /* DiaryCell.swift */; };
		5EB67C731E095F5B00B423AB /* DiaryService.swift in Sources */ = {isa = PBXBuildFile; fileRef = 5EB67C711E095F5B00B423AB /* DiaryService.swift */; };
		6C67BE444943A14BCC24480A /* Pods_Hunger_Swift.framework in Frameworks */ = {isa = PBXBuildFile; fileRef = 3D863A1FD8A0134BC3C27040 /* Pods_Hunger_Swift.framework */; };
		DA01B1A61DA4AADA00326C6B /* AppDelegate.swift in Sources */ = {isa = PBXBuildFile; fileRef = DA01B1A51DA4AADA00326C6B /* AppDelegate.swift */; };
		DA01B1A81DA4AADA00326C6B /* ViewController.swift in Sources */ = {isa = PBXBuildFile; fileRef = DA01B1A71DA4AADA00326C6B /* ViewController.swift */; };
		DA01B1AB1DA4AADA00326C6B /* Main.storyboard in Resources */ = {isa = PBXBuildFile; fileRef = DA01B1A91DA4AADA00326C6B /* Main.storyboard */; };
		DA01B1AE1DA4AADA00326C6B /* Hunger_Swift.xcdatamodeld in Sources */ = {isa = PBXBuildFile; fileRef = DA01B1AC1DA4AADA00326C6B /* Hunger_Swift.xcdatamodeld */; };
		DA01B1B01DA4AADA00326C6B /* Assets.xcassets in Resources */ = {isa = PBXBuildFile; fileRef = DA01B1AF1DA4AADA00326C6B /* Assets.xcassets */; };
		DA01B1B31DA4AADA00326C6B /* LaunchScreen.storyboard in Resources */ = {isa = PBXBuildFile; fileRef = DA01B1B11DA4AADA00326C6B /* LaunchScreen.storyboard */; };
		DA01B1BE1DA4AADA00326C6B /* Hunger_SwiftTests.swift in Sources */ = {isa = PBXBuildFile; fileRef = DA01B1BD1DA4AADA00326C6B /* Hunger_SwiftTests.swift */; };
		DA01B1C91DA4AADA00326C6B /* Hunger_SwiftUITests.swift in Sources */ = {isa = PBXBuildFile; fileRef = DA01B1C81DA4AADA00326C6B /* Hunger_SwiftUITests.swift */; };
		DA01B1D71DA4C2C400326C6B /* DateViewController.swift in Sources */ = {isa = PBXBuildFile; fileRef = DA01B1D61DA4C2C400326C6B /* DateViewController.swift */; };
		DA01B1D91DA4C42D00326C6B /* CommonUtilities.swift in Sources */ = {isa = PBXBuildFile; fileRef = DA01B1D81DA4C42D00326C6B /* CommonUtilities.swift */; };
		DA01B1DE1DA4C45100326C6B /* MBProgressHUD.m in Sources */ = {isa = PBXBuildFile; fileRef = DA01B1DD1DA4C45100326C6B /* MBProgressHUD.m */; };
		DA01B1E41DA4CC1B00326C6B /* check_icon.png in Resources */ = {isa = PBXBuildFile; fileRef = DA01B1E21DA4CC1B00326C6B /* check_icon.png */; };
		DA01B1E51DA4CC1B00326C6B /* uncheck_icon.png in Resources */ = {isa = PBXBuildFile; fileRef = DA01B1E31DA4CC1B00326C6B /* uncheck_icon.png */; };
		DA01B1E71DA4CCC300326C6B /* DoingViewController.swift in Sources */ = {isa = PBXBuildFile; fileRef = DA01B1E61DA4CCC300326C6B /* DoingViewController.swift */; };
		DA01B2261DA56EBB00326C6B /* PhotoViewController.swift in Sources */ = {isa = PBXBuildFile; fileRef = DA01B2251DA56EBB00326C6B /* PhotoViewController.swift */; };
		DA01B2291DA5702300326C6B /* redcheck_icon.png in Resources */ = {isa = PBXBuildFile; fileRef = DA01B2271DA5702300326C6B /* redcheck_icon.png */; };
		DA01B22A1DA5702300326C6B /* btn_picture.png in Resources */ = {isa = PBXBuildFile; fileRef = DA01B2281DA5702300326C6B /* btn_picture.png */; };
		DA3B25F31DF545DC007ABBC3 /* LandingPageViewController.swift in Sources */ = {isa = PBXBuildFile; fileRef = DA3B25F21DF545DC007ABBC3 /* LandingPageViewController.swift */; };
		DA3B25F51DF545F2007ABBC3 /* FeelingViewController.swift in Sources */ = {isa = PBXBuildFile; fileRef = DA3B25F41DF545F2007ABBC3 /* FeelingViewController.swift */; };
		DA3B25F71DF54602007ABBC3 /* ScoreViewController.swift in Sources */ = {isa = PBXBuildFile; fileRef = DA3B25F61DF54602007ABBC3 /* ScoreViewController.swift */; };
		DA3B25F91DF5461B007ABBC3 /* DiaryContentViewController.swift in Sources */ = {isa = PBXBuildFile; fileRef = DA3B25F81DF5461B007ABBC3 /* DiaryContentViewController.swift */; };
		DA3B25FB1DF54632007ABBC3 /* DiaryViewController.swift in Sources */ = {isa = PBXBuildFile; fileRef = DA3B25FA1DF54632007ABBC3 /* DiaryViewController.swift */; };
		DA82D9600570CF6FFF958F57 /* Pods_Hunger_SwiftUITests.framework in Frameworks */ = {isa = PBXBuildFile; fileRef = D54D88E173A6C428781B1B33 /* Pods_Hunger_SwiftUITests.framework */; };
/* End PBXBuildFile section */

/* Begin PBXContainerItemProxy section */
		DA01B1BA1DA4AADA00326C6B /* PBXContainerItemProxy */ = {
			isa = PBXContainerItemProxy;
			containerPortal = DA01B19A1DA4AADA00326C6B /* Project object */;
			proxyType = 1;
			remoteGlobalIDString = DA01B1A11DA4AADA00326C6B;
			remoteInfo = "Hunger Swift";
		};
		DA01B1C51DA4AADA00326C6B /* PBXContainerItemProxy */ = {
			isa = PBXContainerItemProxy;
			containerPortal = DA01B19A1DA4AADA00326C6B /* Project object */;
			proxyType = 1;
			remoteGlobalIDString = DA01B1A11DA4AADA00326C6B;
			remoteInfo = "Hunger Swift";
		};
/* End PBXContainerItemProxy section */

/* Begin PBXFileReference section */
		2962A836284C8D068A9EA265 /* Pods_Hunger_SwiftTests.framework */ = {isa = PBXFileReference; explicitFileType = wrapper.framework; includeInIndex = 0; path = Pods_Hunger_SwiftTests.framework; sourceTree = BUILT_PRODUCTS_DIR; };
		3D863A1FD8A0134BC3C27040 /* Pods_Hunger_Swift.framework */ = {isa = PBXFileReference; explicitFileType = wrapper.framework; includeInIndex = 0; path = Pods_Hunger_Swift.framework; sourceTree = BUILT_PRODUCTS_DIR; };
		59091E1C9960A3CD14F6EB54 /* Pods-Hunger SwiftUITests.debug.xcconfig */ = {isa = PBXFileReference; includeInIndex = 1; lastKnownFileType = text.xcconfig; name = "Pods-Hunger SwiftUITests.debug.xcconfig"; path = "Pods/Target Support Files/Pods-Hunger SwiftUITests/Pods-Hunger SwiftUITests.debug.xcconfig"; sourceTree = "<group>"; };
		5E32BD3A1E0AA6E500C1C9DB /* Diary+CoreDataProperties.swift */ = {isa = PBXFileReference; fileEncoding = 4; lastKnownFileType = sourcecode.swift; path = "Diary+CoreDataProperties.swift"; sourceTree = "<group>"; };
		5E32BD3B1E0AA6E500C1C9DB /* Diary.swift */ = {isa = PBXFileReference; fileEncoding = 4; lastKnownFileType = sourcecode.swift; path = Diary.swift; sourceTree = "<group>"; };
		5E32BD3E1E0AB30800C1C9DB /* DiaryCell.swift */ = {isa = PBXFileReference; fileEncoding = 4; lastKnownFileType = sourcecode.swift; path = DiaryCell.swift; sourceTree = "<group>"; };
		5EB67C681E09435800B423AB /* SQLite.framework */ = {isa = PBXFileReference; lastKnownFileType = wrapper.framework; name = SQLite.framework; path = "../../../../../Library/Developer/Xcode/DerivedData/Hunger_Swift-dwytgepmagsimievrojxrfxtwfnj/Build/Products/Debug-iphonesimulator/SQLite.swift/SQLite.framework"; sourceTree = "<group>"; };
		5EB67C6A1E094FD500B423AB /* libsqlite3.0.tbd */ = {isa = PBXFileReference; lastKnownFileType = "sourcecode.text-based-dylib-definition"; name = libsqlite3.0.tbd; path = usr/lib/libsqlite3.0.tbd; sourceTree = SDKROOT; };
		5EB67C6C1E094FE000B423AB /* libsqlite3.tbd */ = {isa = PBXFileReference; lastKnownFileType = "sourcecode.text-based-dylib-definition"; name = libsqlite3.tbd; path = usr/lib/libsqlite3.tbd; sourceTree = SDKROOT; };
		5EB67C711E095F5B00B423AB /* DiaryService.swift */ = {isa = PBXFileReference; fileEncoding = 4; lastKnownFileType = sourcecode.swift; path = DiaryService.swift; sourceTree = "<group>"; };
		7625CE4006AC248389AB05FE /* Pods-Hunger SwiftUITests.release.xcconfig */ = {isa = PBXFileReference; includeInIndex = 1; lastKnownFileType = text.xcconfig; name = "Pods-Hunger SwiftUITests.release.xcconfig"; path = "Pods/Target Support Files/Pods-Hunger SwiftUITests/Pods-Hunger SwiftUITests.release.xcconfig"; sourceTree = "<group>"; };
		8D6EB671EF6D856011273F9A /* Pods-Hunger Swift.release.xcconfig */ = {isa = PBXFileReference; includeInIndex = 1; lastKnownFileType = text.xcconfig; name = "Pods-Hunger Swift.release.xcconfig"; path = "Pods/Target Support Files/Pods-Hunger Swift/Pods-Hunger Swift.release.xcconfig"; sourceTree = "<group>"; };
		A98D453D2DD08AAF13DF80A2 /* Pods-Hunger Swift.debug.xcconfig */ = {isa = PBXFileReference; includeInIndex = 1; lastKnownFileType = text.xcconfig; name = "Pods-Hunger Swift.debug.xcconfig"; path = "Pods/Target Support Files/Pods-Hunger Swift/Pods-Hunger Swift.debug.xcconfig"; sourceTree = "<group>"; };
		CDA507B4C19F2D91BA3E6341 /* Pods-Hunger SwiftTests.release.xcconfig */ = {isa = PBXFileReference; includeInIndex = 1; lastKnownFileType = text.xcconfig; name = "Pods-Hunger SwiftTests.release.xcconfig"; path = "Pods/Target Support Files/Pods-Hunger SwiftTests/Pods-Hunger SwiftTests.release.xcconfig"; sourceTree = "<group>"; };
		D54D88E173A6C428781B1B33 /* Pods_Hunger_SwiftUITests.framework */ = {isa = PBXFileReference; explicitFileType = wrapper.framework; includeInIndex = 0; path = Pods_Hunger_SwiftUITests.framework; sourceTree = BUILT_PRODUCTS_DIR; };
		DA01B1A21DA4AADA00326C6B /* Hunger Swift.app */ = {isa = PBXFileReference; explicitFileType = wrapper.application; includeInIndex = 0; path = "Hunger Swift.app"; sourceTree = BUILT_PRODUCTS_DIR; };
		DA01B1A51DA4AADA00326C6B /* AppDelegate.swift */ = {isa = PBXFileReference; lastKnownFileType = sourcecode.swift; path = AppDelegate.swift; sourceTree = "<group>"; };
		DA01B1A71DA4AADA00326C6B /* ViewController.swift */ = {isa = PBXFileReference; lastKnownFileType = sourcecode.swift; path = ViewController.swift; sourceTree = "<group>"; };
		DA01B1AA1DA4AADA00326C6B /* Base */ = {isa = PBXFileReference; lastKnownFileType = file.storyboard; name = Base; path = Base.lproj/Main.storyboard; sourceTree = "<group>"; };
		DA01B1AD1DA4AADA00326C6B /* Hunger_Swift.xcdatamodel */ = {isa = PBXFileReference; lastKnownFileType = wrapper.xcdatamodel; path = Hunger_Swift.xcdatamodel; sourceTree = "<group>"; };
		DA01B1AF1DA4AADA00326C6B /* Assets.xcassets */ = {isa = PBXFileReference; lastKnownFileType = folder.assetcatalog; path = Assets.xcassets; sourceTree = "<group>"; };
		DA01B1B21DA4AADA00326C6B /* Base */ = {isa = PBXFileReference; lastKnownFileType = file.storyboard; name = Base; path = Base.lproj/LaunchScreen.storyboard; sourceTree = "<group>"; };
		DA01B1B41DA4AADA00326C6B /* Info.plist */ = {isa = PBXFileReference; lastKnownFileType = text.plist.xml; path = Info.plist; sourceTree = "<group>"; };
		DA01B1B91DA4AADA00326C6B /* Hunger SwiftTests.xctest */ = {isa = PBXFileReference; explicitFileType = wrapper.cfbundle; includeInIndex = 0; path = "Hunger SwiftTests.xctest"; sourceTree = BUILT_PRODUCTS_DIR; };
		DA01B1BD1DA4AADA00326C6B /* Hunger_SwiftTests.swift */ = {isa = PBXFileReference; lastKnownFileType = sourcecode.swift; path = Hunger_SwiftTests.swift; sourceTree = "<group>"; };
		DA01B1BF1DA4AADA00326C6B /* Info.plist */ = {isa = PBXFileReference; lastKnownFileType = text.plist.xml; path = Info.plist; sourceTree = "<group>"; };
		DA01B1C41DA4AADA00326C6B /* Hunger SwiftUITests.xctest */ = {isa = PBXFileReference; explicitFileType = wrapper.cfbundle; includeInIndex = 0; path = "Hunger SwiftUITests.xctest"; sourceTree = BUILT_PRODUCTS_DIR; };
		DA01B1C81DA4AADA00326C6B /* Hunger_SwiftUITests.swift */ = {isa = PBXFileReference; lastKnownFileType = sourcecode.swift; path = Hunger_SwiftUITests.swift; sourceTree = "<group>"; };
		DA01B1CA1DA4AADA00326C6B /* Info.plist */ = {isa = PBXFileReference; lastKnownFileType = text.plist.xml; path = Info.plist; sourceTree = "<group>"; };
		DA01B1D61DA4C2C400326C6B /* DateViewController.swift */ = {isa = PBXFileReference; fileEncoding = 4; lastKnownFileType = sourcecode.swift; path = DateViewController.swift; sourceTree = "<group>"; };
		DA01B1D81DA4C42D00326C6B /* CommonUtilities.swift */ = {isa = PBXFileReference; fileEncoding = 4; lastKnownFileType = sourcecode.swift; path = CommonUtilities.swift; sourceTree = "<group>"; };
		DA01B1DC1DA4C45100326C6B /* MBProgressHUD.h */ = {isa = PBXFileReference; fileEncoding = 4; lastKnownFileType = sourcecode.c.h; path = MBProgressHUD.h; sourceTree = "<group>"; };
		DA01B1DD1DA4C45100326C6B /* MBProgressHUD.m */ = {isa = PBXFileReference; fileEncoding = 4; lastKnownFileType = sourcecode.c.objc; path = MBProgressHUD.m; sourceTree = "<group>"; };
		DA01B1DF1DA4C47000326C6B /* Bridging-Header.h */ = {isa = PBXFileReference; lastKnownFileType = sourcecode.c.h; name = "Bridging-Header.h"; path = "Hunger Swift/Bridging-Header.h"; sourceTree = "<group>"; };
		DA01B1E21DA4CC1B00326C6B /* check_icon.png */ = {isa = PBXFileReference; lastKnownFileType = image.png; path = check_icon.png; sourceTree = "<group>"; };
		DA01B1E31DA4CC1B00326C6B /* uncheck_icon.png */ = {isa = PBXFileReference; lastKnownFileType = image.png; path = uncheck_icon.png; sourceTree = "<group>"; };
		DA01B1E61DA4CCC300326C6B /* DoingViewController.swift */ = {isa = PBXFileReference; fileEncoding = 4; lastKnownFileType = sourcecode.swift; path = DoingViewController.swift; sourceTree = "<group>"; };
		DA01B2251DA56EBB00326C6B /* PhotoViewController.swift */ = {isa = PBXFileReference; fileEncoding = 4; lastKnownFileType = sourcecode.swift; path = PhotoViewController.swift; sourceTree = "<group>"; };
		DA01B2271DA5702300326C6B /* redcheck_icon.png */ = {isa = PBXFileReference; lastKnownFileType = image.png; path = redcheck_icon.png; sourceTree = "<group>"; };
		DA01B2281DA5702300326C6B /* btn_picture.png */ = {isa = PBXFileReference; lastKnownFileType = image.png; path = btn_picture.png; sourceTree = "<group>"; };
		DA3B25F21DF545DC007ABBC3 /* LandingPageViewController.swift */ = {isa = PBXFileReference; fileEncoding = 4; lastKnownFileType = sourcecode.swift; path = LandingPageViewController.swift; sourceTree = "<group>"; };
		DA3B25F41DF545F2007ABBC3 /* FeelingViewController.swift */ = {isa = PBXFileReference; fileEncoding = 4; lastKnownFileType = sourcecode.swift; path = FeelingViewController.swift; sourceTree = "<group>"; };
		DA3B25F61DF54602007ABBC3 /* ScoreViewController.swift */ = {isa = PBXFileReference; fileEncoding = 4; lastKnownFileType = sourcecode.swift; path = ScoreViewController.swift; sourceTree = "<group>"; };
		DA3B25F81DF5461B007ABBC3 /* DiaryContentViewController.swift */ = {isa = PBXFileReference; fileEncoding = 4; lastKnownFileType = sourcecode.swift; path = DiaryContentViewController.swift; sourceTree = "<group>"; };
		DA3B25FA1DF54632007ABBC3 /* DiaryViewController.swift */ = {isa = PBXFileReference; fileEncoding = 4; lastKnownFileType = sourcecode.swift; path = DiaryViewController.swift; sourceTree = "<group>"; };
		DC06B8688FABEDBE4C1A6470 /* Pods-Hunger SwiftTests.debug.xcconfig */ = {isa = PBXFileReference; includeInIndex = 1; lastKnownFileType = text.xcconfig; name = "Pods-Hunger SwiftTests.debug.xcconfig"; path = "Pods/Target Support Files/Pods-Hunger SwiftTests/Pods-Hunger SwiftTests.debug.xcconfig"; sourceTree = "<group>"; };
/* End PBXFileReference section */

/* Begin PBXFrameworksBuildPhase section */
		DA01B19F1DA4AADA00326C6B /* Frameworks */ = {
			isa = PBXFrameworksBuildPhase;
			buildActionMask = 2147483647;
			files = (
				6C67BE444943A14BCC24480A /* Pods_Hunger_Swift.framework in Frameworks */,
			);
			runOnlyForDeploymentPostprocessing = 0;
		};
		DA01B1B61DA4AADA00326C6B /* Frameworks */ = {
			isa = PBXFrameworksBuildPhase;
			buildActionMask = 2147483647;
			files = (
				0E0124C85A7945F515ED813C /* Pods_Hunger_SwiftTests.framework in Frameworks */,
			);
			runOnlyForDeploymentPostprocessing = 0;
		};
		DA01B1C11DA4AADA00326C6B /* Frameworks */ = {
			isa = PBXFrameworksBuildPhase;
			buildActionMask = 2147483647;
			files = (
				DA82D9600570CF6FFF958F57 /* Pods_Hunger_SwiftUITests.framework in Frameworks */,
			);
			runOnlyForDeploymentPostprocessing = 0;
		};
/* End PBXFrameworksBuildPhase section */

/* Begin PBXGroup section */
		33446DE21914CA2D8B585B33 /* Pods */ = {
			isa = PBXGroup;
			children = (
				A98D453D2DD08AAF13DF80A2 /* Pods-Hunger Swift.debug.xcconfig */,
				8D6EB671EF6D856011273F9A /* Pods-Hunger Swift.release.xcconfig */,
				DC06B8688FABEDBE4C1A6470 /* Pods-Hunger SwiftTests.debug.xcconfig */,
				CDA507B4C19F2D91BA3E6341 /* Pods-Hunger SwiftTests.release.xcconfig */,
				59091E1C9960A3CD14F6EB54 /* Pods-Hunger SwiftUITests.debug.xcconfig */,
				7625CE4006AC248389AB05FE /* Pods-Hunger SwiftUITests.release.xcconfig */,
			);
			name = Pods;
			sourceTree = "<group>";
		};
		7347484634C961EE013D790D /* Frameworks */ = {
			isa = PBXGroup;
			children = (
				5EB67C6C1E094FE000B423AB /* libsqlite3.tbd */,
				5EB67C6A1E094FD500B423AB /* libsqlite3.0.tbd */,
				5EB67C681E09435800B423AB /* SQLite.framework */,
				3D863A1FD8A0134BC3C27040 /* Pods_Hunger_Swift.framework */,
				2962A836284C8D068A9EA265 /* Pods_Hunger_SwiftTests.framework */,
				D54D88E173A6C428781B1B33 /* Pods_Hunger_SwiftUITests.framework */,
			);
			name = Frameworks;
			sourceTree = "<group>";
		};
		DA01B1991DA4AADA00326C6B = {
			isa = PBXGroup;
			children = (
				DA01B1DF1DA4C47000326C6B /* Bridging-Header.h */,
				DA01B1A41DA4AADA00326C6B /* Hunger Swift */,
				DA01B1BC1DA4AADA00326C6B /* Hunger SwiftTests */,
				DA01B1C71DA4AADA00326C6B /* Hunger SwiftUITests */,
				DA01B1A31DA4AADA00326C6B /* Products */,
				33446DE21914CA2D8B585B33 /* Pods */,
				7347484634C961EE013D790D /* Frameworks */,
			);
			sourceTree = "<group>";
		};
		DA01B1A31DA4AADA00326C6B /* Products */ = {
			isa = PBXGroup;
			children = (
				DA01B1A21DA4AADA00326C6B /* Hunger Swift.app */,
				DA01B1B91DA4AADA00326C6B /* Hunger SwiftTests.xctest */,
				DA01B1C41DA4AADA00326C6B /* Hunger SwiftUITests.xctest */,
			);
			name = Products;
			sourceTree = "<group>";
		};
		DA01B1A41DA4AADA00326C6B /* Hunger Swift */ = {
			isa = PBXGroup;
			children = (
				DA01B1A51DA4AADA00326C6B /* AppDelegate.swift */,
				DA01B1D61DA4C2C400326C6B /* DateViewController.swift */,
				DA01B1A71DA4AADA00326C6B /* ViewController.swift */,
				DA01B1E61DA4CCC300326C6B /* DoingViewController.swift */,
				DA01B2251DA56EBB00326C6B /* PhotoViewController.swift */,
				DA3B25F41DF545F2007ABBC3 /* FeelingViewController.swift */,
				DA3B25F61DF54602007ABBC3 /* ScoreViewController.swift */,
				DA3B25F21DF545DC007ABBC3 /* LandingPageViewController.swift */,
				DA3B25FA1DF54632007ABBC3 /* DiaryViewController.swift */,
				DA3B25F81DF5461B007ABBC3 /* DiaryContentViewController.swift */,
				5E32BD3E1E0AB30800C1C9DB /* DiaryCell.swift */,
				DA01B1DA1DA4C44000326C6B /* Helper Files */,
				DA01B1E01DA4C53500326C6B /* Storyboard & List */,
			);
			path = "Hunger Swift";
			sourceTree = "<group>";
		};
		DA01B1BC1DA4AADA00326C6B /* Hunger SwiftTests */ = {
			isa = PBXGroup;
			children = (
				DA01B1BD1DA4AADA00326C6B /* Hunger_SwiftTests.swift */,
				DA01B1BF1DA4AADA00326C6B /* Info.plist */,
			);
			path = "Hunger SwiftTests";
			sourceTree = "<group>";
		};
		DA01B1C71DA4AADA00326C6B /* Hunger SwiftUITests */ = {
			isa = PBXGroup;
			children = (
				DA01B1C81DA4AADA00326C6B /* Hunger_SwiftUITests.swift */,
				DA01B1CA1DA4AADA00326C6B /* Info.plist */,
			);
			path = "Hunger SwiftUITests";
			sourceTree = "<group>";
		};
		DA01B1DA1DA4C44000326C6B /* Helper Files */ = {
			isa = PBXGroup;
			children = (
				5E32BD3A1E0AA6E500C1C9DB /* Diary+CoreDataProperties.swift */,
				5E32BD3B1E0AA6E500C1C9DB /* Diary.swift */,
				5EB67C711E095F5B00B423AB /* DiaryService.swift */,
				DA01B1D81DA4C42D00326C6B /* CommonUtilities.swift */,
				DA01B1DC1DA4C45100326C6B /* MBProgressHUD.h */,
				DA01B1DD1DA4C45100326C6B /* MBProgressHUD.m */,
			);
			name = "Helper Files";
			sourceTree = "<group>";
		};
		DA01B1E01DA4C53500326C6B /* Storyboard & List */ = {
			isa = PBXGroup;
			children = (
				DA01B1AF1DA4AADA00326C6B /* Assets.xcassets */,
				DA01B1A91DA4AADA00326C6B /* Main.storyboard */,
				DA01B1B11DA4AADA00326C6B /* LaunchScreen.storyboard */,
				DA01B1B41DA4AADA00326C6B /* Info.plist */,
				DA01B1AC1DA4AADA00326C6B /* Hunger_Swift.xcdatamodeld */,
				DA01B1E11DA4CC0800326C6B /* Pictures */,
			);
			name = "Storyboard & List";
			sourceTree = "<group>";
		};
		DA01B1E11DA4CC0800326C6B /* Pictures */ = {
			isa = PBXGroup;
			children = (
				DA01B1E21DA4CC1B00326C6B /* check_icon.png */,
				DA01B1E31DA4CC1B00326C6B /* uncheck_icon.png */,
				DA01B2271DA5702300326C6B /* redcheck_icon.png */,
				DA01B2281DA5702300326C6B /* btn_picture.png */,
			);
			name = Pictures;
			sourceTree = "<group>";
		};
/* End PBXGroup section */

/* Begin PBXNativeTarget section */
		DA01B1A11DA4AADA00326C6B /* Hunger Swift */ = {
			isa = PBXNativeTarget;
			buildConfigurationList = DA01B1CD1DA4AADA00326C6B /* Build configuration list for PBXNativeTarget "Hunger Swift" */;
			buildPhases = (
				7763C0ED9FFF266E2B0400CA /* [CP] Check Pods Manifest.lock */,
				DA01B19E1DA4AADA00326C6B /* Sources */,
				DA01B19F1DA4AADA00326C6B /* Frameworks */,
				DA01B1A01DA4AADA00326C6B /* Resources */,
				523FE6AAFF470DDD3EA9C661 /* [CP] Embed Pods Frameworks */,
				DD2B8E2A62A4D080B358A7BB /* [CP] Copy Pods Resources */,
			);
			buildRules = (
			);
			dependencies = (
			);
			name = "Hunger Swift";
			productName = "Hunger Swift";
			productReference = DA01B1A21DA4AADA00326C6B /* Hunger Swift.app */;
			productType = "com.apple.product-type.application";
		};
		DA01B1B81DA4AADA00326C6B /* Hunger SwiftTests */ = {
			isa = PBXNativeTarget;
			buildConfigurationList = DA01B1D01DA4AADA00326C6B /* Build configuration list for PBXNativeTarget "Hunger SwiftTests" */;
			buildPhases = (
				79DE1AC42C2D05AFB5983049 /* [CP] Check Pods Manifest.lock */,
				DA01B1B51DA4AADA00326C6B /* Sources */,
				DA01B1B61DA4AADA00326C6B /* Frameworks */,
				DA01B1B71DA4AADA00326C6B /* Resources */,
				4042700F545A676F94EB18D9 /* [CP] Embed Pods Frameworks */,
				15608AF07ADCDE282287B8FE /* [CP] Copy Pods Resources */,
			);
			buildRules = (
			);
			dependencies = (
				DA01B1BB1DA4AADA00326C6B /* PBXTargetDependency */,
			);
			name = "Hunger SwiftTests";
			productName = "Hunger SwiftTests";
			productReference = DA01B1B91DA4AADA00326C6B /* Hunger SwiftTests.xctest */;
			productType = "com.apple.product-type.bundle.unit-test";
		};
		DA01B1C31DA4AADA00326C6B /* Hunger SwiftUITests */ = {
			isa = PBXNativeTarget;
			buildConfigurationList = DA01B1D31DA4AADA00326C6B /* Build configuration list for PBXNativeTarget "Hunger SwiftUITests" */;
			buildPhases = (
				EF03558F259CE83DEF4C7C62 /* [CP] Check Pods Manifest.lock */,
				DA01B1C01DA4AADA00326C6B /* Sources */,
				DA01B1C11DA4AADA00326C6B /* Frameworks */,
				DA01B1C21DA4AADA00326C6B /* Resources */,
				7A1205806FAA13190678015C /* [CP] Copy Pods Resources */,
			);
			buildRules = (
			);
			dependencies = (
				DA01B1C61DA4AADA00326C6B /* PBXTargetDependency */,
			);
			name = "Hunger SwiftUITests";
			productName = "Hunger SwiftUITests";
			productReference = DA01B1C41DA4AADA00326C6B /* Hunger SwiftUITests.xctest */;
			productType = "com.apple.product-type.bundle.ui-testing";
		};
/* End PBXNativeTarget section */

/* Begin PBXProject section */
		DA01B19A1DA4AADA00326C6B /* Project object */ = {
			isa = PBXProject;
			attributes = {
				LastSwiftUpdateCheck = 0730;
				LastUpgradeCheck = 0730;
				ORGANIZATIONNAME = Harloch;
				TargetAttributes = {
					DA01B1A11DA4AADA00326C6B = {
						CreatedOnToolsVersion = 7.3.1;
					};
					DA01B1B81DA4AADA00326C6B = {
						CreatedOnToolsVersion = 7.3.1;
						TestTargetID = DA01B1A11DA4AADA00326C6B;
					};
					DA01B1C31DA4AADA00326C6B = {
						CreatedOnToolsVersion = 7.3.1;
						TestTargetID = DA01B1A11DA4AADA00326C6B;
					};
				};
			};
			buildConfigurationList = DA01B19D1DA4AADA00326C6B /* Build configuration list for PBXProject "Hunger Swift" */;
			compatibilityVersion = "Xcode 3.2";
			developmentRegion = English;
			hasScannedForEncodings = 0;
			knownRegions = (
				en,
				Base,
			);
			mainGroup = DA01B1991DA4AADA00326C6B;
			productRefGroup = DA01B1A31DA4AADA00326C6B /* Products */;
			projectDirPath = "";
			projectRoot = "";
			targets = (
				DA01B1A11DA4AADA00326C6B /* Hunger Swift */,
				DA01B1B81DA4AADA00326C6B /* Hunger SwiftTests */,
				DA01B1C31DA4AADA00326C6B /* Hunger SwiftUITests */,
			);
		};
/* End PBXProject section */

/* Begin PBXResourcesBuildPhase section */
		DA01B1A01DA4AADA00326C6B /* Resources */ = {
			isa = PBXResourcesBuildPhase;
			buildActionMask = 2147483647;
			files = (
				DA01B1B31DA4AADA00326C6B /* LaunchScreen.storyboard in Resources */,
				DA01B22A1DA5702300326C6B /* btn_picture.png in Resources */,
				DA01B2291DA5702300326C6B /* redcheck_icon.png in Resources */,
				DA01B1B01DA4AADA00326C6B /* Assets.xcassets in Resources */,
				DA01B1AB1DA4AADA00326C6B /* Main.storyboard in Resources */,
				DA01B1E51DA4CC1B00326C6B /* uncheck_icon.png in Resources */,
				DA01B1E41DA4CC1B00326C6B /* check_icon.png in Resources */,
			);
			runOnlyForDeploymentPostprocessing = 0;
		};
		DA01B1B71DA4AADA00326C6B /* Resources */ = {
			isa = PBXResourcesBuildPhase;
			buildActionMask = 2147483647;
			files = (
			);
			runOnlyForDeploymentPostprocessing = 0;
		};
		DA01B1C21DA4AADA00326C6B /* Resources */ = {
			isa = PBXResourcesBuildPhase;
			buildActionMask = 2147483647;
			files = (
			);
			runOnlyForDeploymentPostprocessing = 0;
		};
/* End PBXResourcesBuildPhase section */

/* Begin PBXShellScriptBuildPhase section */
		15608AF07ADCDE282287B8FE /* [CP] Copy Pods Resources */ = {
			isa = PBXShellScriptBuildPhase;
			buildActionMask = 2147483647;
			files = (
			);
			inputPaths = (
			);
			name = "[CP] Copy Pods Resources";
			outputPaths = (
			);
			runOnlyForDeploymentPostprocessing = 0;
			shellPath = /bin/sh;
			shellScript = "\"${SRCROOT}/Pods/Target Support Files/Pods-Hunger SwiftTests/Pods-Hunger SwiftTests-resources.sh\"\n";
			showEnvVarsInLog = 0;
		};
		4042700F545A676F94EB18D9 /* [CP] Embed Pods Frameworks */ = {
			isa = PBXShellScriptBuildPhase;
			buildActionMask = 2147483647;
			files = (
			);
			inputPaths = (
			);
			name = "[CP] Embed Pods Frameworks";
			outputPaths = (
			);
			runOnlyForDeploymentPostprocessing = 0;
			shellPath = /bin/sh;
			shellScript = "\"${SRCROOT}/Pods/Target Support Files/Pods-Hunger SwiftTests/Pods-Hunger SwiftTests-frameworks.sh\"\n";
			showEnvVarsInLog = 0;
		};
		523FE6AAFF470DDD3EA9C661 /* [CP] Embed Pods Frameworks */ = {
			isa = PBXShellScriptBuildPhase;
			buildActionMask = 2147483647;
			files = (
			);
			inputPaths = (
			);
			name = "[CP] Embed Pods Frameworks";
			outputPaths = (
			);
			runOnlyForDeploymentPostprocessing = 0;
			shellPath = /bin/sh;
			shellScript = "\"${SRCROOT}/Pods/Target Support Files/Pods-Hunger Swift/Pods-Hunger Swift-frameworks.sh\"\n";
			showEnvVarsInLog = 0;
		};
		7763C0ED9FFF266E2B0400CA /* [CP] Check Pods Manifest.lock */ = {
			isa = PBXShellScriptBuildPhase;
			buildActionMask = 2147483647;
			files = (
			);
			inputPaths = (
			);
			name = "[CP] Check Pods Manifest.lock";
			outputPaths = (
			);
			runOnlyForDeploymentPostprocessing = 0;
			shellPath = /bin/sh;
			shellScript = "diff \"${PODS_ROOT}/../Podfile.lock\" \"${PODS_ROOT}/Manifest.lock\" > /dev/null\nif [[ $? != 0 ]] ; then\n    cat << EOM\nerror: The sandbox is not in sync with the Podfile.lock. Run 'pod install' or update your CocoaPods installation.\nEOM\n    exit 1\nfi\n";
			showEnvVarsInLog = 0;
		};
		79DE1AC42C2D05AFB5983049 /* [CP] Check Pods Manifest.lock */ = {
			isa = PBXShellScriptBuildPhase;
			buildActionMask = 2147483647;
			files = (
			);
			inputPaths = (
			);
			name = "[CP] Check Pods Manifest.lock";
			outputPaths = (
			);
			runOnlyForDeploymentPostprocessing = 0;
			shellPath = /bin/sh;
			shellScript = "diff \"${PODS_ROOT}/../Podfile.lock\" \"${PODS_ROOT}/Manifest.lock\" > /dev/null\nif [[ $? != 0 ]] ; then\n    cat << EOM\nerror: The sandbox is not in sync with the Podfile.lock. Run 'pod install' or update your CocoaPods installation.\nEOM\n    exit 1\nfi\n";
			showEnvVarsInLog = 0;
		};
		7A1205806FAA13190678015C /* [CP] Copy Pods Resources */ = {
			isa = PBXShellScriptBuildPhase;
			buildActionMask = 2147483647;
			files = (
			);
			inputPaths = (
			);
			name = "[CP] Copy Pods Resources";
			outputPaths = (
			);
			runOnlyForDeploymentPostprocessing = 0;
			shellPath = /bin/sh;
			shellScript = "\"${SRCROOT}/Pods/Target Support Files/Pods-Hunger SwiftUITests/Pods-Hunger SwiftUITests-resources.sh\"\n";
			showEnvVarsInLog = 0;
		};
		DD2B8E2A62A4D080B358A7BB /* [CP] Copy Pods Resources */ = {
			isa = PBXShellScriptBuildPhase;
			buildActionMask = 2147483647;
			files = (
			);
			inputPaths = (
			);
			name = "[CP] Copy Pods Resources";
			outputPaths = (
			);
			runOnlyForDeploymentPostprocessing = 0;
			shellPath = /bin/sh;
			shellScript = "\"${SRCROOT}/Pods/Target Support Files/Pods-Hunger Swift/Pods-Hunger Swift-resources.sh\"\n";
			showEnvVarsInLog = 0;
		};
		EF03558F259CE83DEF4C7C62 /* [CP] Check Pods Manifest.lock */ = {
			isa = PBXShellScriptBuildPhase;
			buildActionMask = 2147483647;
			files = (
			);
			inputPaths = (
			);
			name = "[CP] Check Pods Manifest.lock";
			outputPaths = (
			);
			runOnlyForDeploymentPostprocessing = 0;
			shellPath = /bin/sh;
			shellScript = "diff \"${PODS_ROOT}/../Podfile.lock\" \"${PODS_ROOT}/Manifest.lock\" > /dev/null\nif [[ $? != 0 ]] ; then\n    cat << EOM\nerror: The sandbox is not in sync with the Podfile.lock. Run 'pod install' or update your CocoaPods installation.\nEOM\n    exit 1\nfi\n";
			showEnvVarsInLog = 0;
		};
/* End PBXShellScriptBuildPhase section */

/* Begin PBXSourcesBuildPhase section */
		DA01B19E1DA4AADA00326C6B /* Sources */ = {
			isa = PBXSourcesBuildPhase;
			buildActionMask = 2147483647;
			files = (
				5E32BD3C1E0AA6E500C1C9DB /* Diary+CoreDataProperties.swift in Sources */,
				DA01B1D71DA4C2C400326C6B /* DateViewController.swift in Sources */,
				DA3B25F71DF54602007ABBC3 /* ScoreViewController.swift in Sources */,
				DA01B1E71DA4CCC300326C6B /* DoingViewController.swift in Sources */,
				DA01B1DE1DA4C45100326C6B /* MBProgressHUD.m in Sources */,
				DA01B1A81DA4AADA00326C6B /* ViewController.swift in Sources */,
				DA3B25F31DF545DC007ABBC3 /* LandingPageViewController.swift in Sources */,
				DA3B25F51DF545F2007ABBC3 /* FeelingViewController.swift in Sources */,
				DA01B1AE1DA4AADA00326C6B /* Hunger_Swift.xcdatamodeld in Sources */,
				DA3B25F91DF5461B007ABBC3 /* DiaryContentViewController.swift in Sources */,
				DA3B25FB1DF54632007ABBC3 /* DiaryViewController.swift in Sources */,
				DA01B2261DA56EBB00326C6B /* PhotoViewController.swift in Sources */,
				DA01B1A61DA4AADA00326C6B /* AppDelegate.swift in Sources */,
				5E32BD3F1E0AB30800C1C9DB /* DiaryCell.swift in Sources */,
				DA01B1D91DA4C42D00326C6B /* CommonUtilities.swift in Sources */,
				5EB67C731E095F5B00B423AB /* DiaryService.swift in Sources */,
				5E32BD3D1E0AA6E500C1C9DB /* Diary.swift in Sources */,
			);
			runOnlyForDeploymentPostprocessing = 0;
		};
		DA01B1B51DA4AADA00326C6B /* Sources */ = {
			isa = PBXSourcesBuildPhase;
			buildActionMask = 2147483647;
			files = (
				DA01B1BE1DA4AADA00326C6B /* Hunger_SwiftTests.swift in Sources */,
			);
			runOnlyForDeploymentPostprocessing = 0;
		};
		DA01B1C01DA4AADA00326C6B /* Sources */ = {
			isa = PBXSourcesBuildPhase;
			buildActionMask = 2147483647;
			files = (
				DA01B1C91DA4AADA00326C6B /* Hunger_SwiftUITests.swift in Sources */,
			);
			runOnlyForDeploymentPostprocessing = 0;
		};
/* End PBXSourcesBuildPhase section */

/* Begin PBXTargetDependency section */
		DA01B1BB1DA4AADA00326C6B /* PBXTargetDependency */ = {
			isa = PBXTargetDependency;
			target = DA01B1A11DA4AADA00326C6B /* Hunger Swift */;
			targetProxy = DA01B1BA1DA4AADA00326C6B /* PBXContainerItemProxy */;
		};
		DA01B1C61DA4AADA00326C6B /* PBXTargetDependency */ = {
			isa = PBXTargetDependency;
			target = DA01B1A11DA4AADA00326C6B /* Hunger Swift */;
			targetProxy = DA01B1C51DA4AADA00326C6B /* PBXContainerItemProxy */;
		};
/* End PBXTargetDependency section */

/* Begin PBXVariantGroup section */
		DA01B1A91DA4AADA00326C6B /* Main.storyboard */ = {
			isa = PBXVariantGroup;
			children = (
				DA01B1AA1DA4AADA00326C6B /* Base */,
			);
			name = Main.storyboard;
			sourceTree = "<group>";
		};
		DA01B1B11DA4AADA00326C6B /* LaunchScreen.storyboard */ = {
			isa = PBXVariantGroup;
			children = (
				DA01B1B21DA4AADA00326C6B /* Base */,
			);
			name = LaunchScreen.storyboard;
			sourceTree = "<group>";
		};
/* End PBXVariantGroup section */

/* Begin XCBuildConfiguration section */
		DA01B1CB1DA4AADA00326C6B /* Debug */ = {
			isa = XCBuildConfiguration;
			buildSettings = {
				ALWAYS_SEARCH_USER_PATHS = NO;
				CLANG_ANALYZER_NONNULL = YES;
				CLANG_CXX_LANGUAGE_STANDARD = "gnu++0x";
				CLANG_CXX_LIBRARY = "libc++";
				CLANG_ENABLE_MODULES = YES;
				CLANG_ENABLE_OBJC_ARC = YES;
				CLANG_WARN_BOOL_CONVERSION = YES;
				CLANG_WARN_CONSTANT_CONVERSION = YES;
				CLANG_WARN_DIRECT_OBJC_ISA_USAGE = YES_ERROR;
				CLANG_WARN_EMPTY_BODY = YES;
				CLANG_WARN_ENUM_CONVERSION = YES;
				CLANG_WARN_INT_CONVERSION = YES;
				CLANG_WARN_OBJC_ROOT_CLASS = YES_ERROR;
				CLANG_WARN_UNREACHABLE_CODE = YES;
				CLANG_WARN__DUPLICATE_METHOD_MATCH = YES;
				"CODE_SIGN_IDENTITY[sdk=iphoneos*]" = "iPhone Developer";
				COPY_PHASE_STRIP = NO;
				DEBUG_INFORMATION_FORMAT = dwarf;
				ENABLE_STRICT_OBJC_MSGSEND = YES;
				ENABLE_TESTABILITY = YES;
				GCC_C_LANGUAGE_STANDARD = gnu99;
				GCC_DYNAMIC_NO_PIC = NO;
				GCC_NO_COMMON_BLOCKS = YES;
				GCC_OPTIMIZATION_LEVEL = 0;
				GCC_PREPROCESSOR_DEFINITIONS = (
					"DEBUG=1",
					"$(inherited)",
				);
				GCC_WARN_64_TO_32_BIT_CONVERSION = YES;
				GCC_WARN_ABOUT_RETURN_TYPE = YES_ERROR;
				GCC_WARN_UNDECLARED_SELECTOR = YES;
				GCC_WARN_UNINITIALIZED_AUTOS = YES_AGGRESSIVE;
				GCC_WARN_UNUSED_FUNCTION = YES;
				GCC_WARN_UNUSED_VARIABLE = YES;
				IPHONEOS_DEPLOYMENT_TARGET = 9.3;
				MTL_ENABLE_DEBUG_INFO = YES;
				ONLY_ACTIVE_ARCH = YES;
				SDKROOT = iphoneos;
				SWIFT_OPTIMIZATION_LEVEL = "-Onone";
				TARGETED_DEVICE_FAMILY = 2;
			};
			name = Debug;
		};
		DA01B1CC1DA4AADA00326C6B /* Release */ = {
			isa = XCBuildConfiguration;
			buildSettings = {
				ALWAYS_SEARCH_USER_PATHS = NO;
				CLANG_ANALYZER_NONNULL = YES;
				CLANG_CXX_LANGUAGE_STANDARD = "gnu++0x";
				CLANG_CXX_LIBRARY = "libc++";
				CLANG_ENABLE_MODULES = YES;
				CLANG_ENABLE_OBJC_ARC = YES;
				CLANG_WARN_BOOL_CONVERSION = YES;
				CLANG_WARN_CONSTANT_CONVERSION = YES;
				CLANG_WARN_DIRECT_OBJC_ISA_USAGE = YES_ERROR;
				CLANG_WARN_EMPTY_BODY = YES;
				CLANG_WARN_ENUM_CONVERSION = YES;
				CLANG_WARN_INT_CONVERSION = YES;
				CLANG_WARN_OBJC_ROOT_CLASS = YES_ERROR;
				CLANG_WARN_UNREACHABLE_CODE = YES;
				CLANG_WARN__DUPLICATE_METHOD_MATCH = YES;
				"CODE_SIGN_IDENTITY[sdk=iphoneos*]" = "iPhone Developer";
				COPY_PHASE_STRIP = NO;
				DEBUG_INFORMATION_FORMAT = "dwarf-with-dsym";
				ENABLE_NS_ASSERTIONS = NO;
				ENABLE_STRICT_OBJC_MSGSEND = YES;
				GCC_C_LANGUAGE_STANDARD = gnu99;
				GCC_NO_COMMON_BLOCKS = YES;
				GCC_WARN_64_TO_32_BIT_CONVERSION = YES;
				GCC_WARN_ABOUT_RETURN_TYPE = YES_ERROR;
				GCC_WARN_UNDECLARED_SELECTOR = YES;
				GCC_WARN_UNINITIALIZED_AUTOS = YES_AGGRESSIVE;
				GCC_WARN_UNUSED_FUNCTION = YES;
				GCC_WARN_UNUSED_VARIABLE = YES;
				IPHONEOS_DEPLOYMENT_TARGET = 9.3;
				MTL_ENABLE_DEBUG_INFO = NO;
				SDKROOT = iphoneos;
				TARGETED_DEVICE_FAMILY = 2;
				VALIDATE_PRODUCT = YES;
			};
			name = Release;
		};
		DA01B1CE1DA4AADA00326C6B /* Debug */ = {
			isa = XCBuildConfiguration;
			baseConfigurationReference = A98D453D2DD08AAF13DF80A2 /* Pods-Hunger Swift.debug.xcconfig */;
			buildSettings = {
				ASSETCATALOG_COMPILER_APPICON_NAME = "AppIcon-1";
				CLANG_ENABLE_MODULES = YES;
				INFOPLIST_FILE = "Hunger Swift/Info.plist";
				LD_RUNPATH_SEARCH_PATHS = "$(inherited) @executable_path/Frameworks";
				PRODUCT_BUNDLE_IDENTIFIER = "com.harloch.Hunger-Swift";
				PRODUCT_NAME = "$(TARGET_NAME)";
				SWIFT_OBJC_BRIDGING_HEADER = "$(SRCROOT)/Hunger Swift/Bridging-Header.h";
				SWIFT_OPTIMIZATION_LEVEL = "-Onone";
				TARGETED_DEVICE_FAMILY = "1,2";
			};
			name = Debug;
		};
		DA01B1CF1DA4AADA00326C6B /* Release */ = {
			isa = XCBuildConfiguration;
			baseConfigurationReference = 8D6EB671EF6D856011273F9A /* Pods-Hunger Swift.release.xcconfig */;
			buildSettings = {
				ASSETCATALOG_COMPILER_APPICON_NAME = "AppIcon-1";
				CLANG_ENABLE_MODULES = YES;
				INFOPLIST_FILE = "Hunger Swift/Info.plist";
				LD_RUNPATH_SEARCH_PATHS = "$(inherited) @executable_path/Frameworks";
				PRODUCT_BUNDLE_IDENTIFIER = "com.harloch.Hunger-Swift";
				PRODUCT_NAME = "$(TARGET_NAME)";
				SWIFT_OBJC_BRIDGING_HEADER = "$(SRCROOT)/Hunger Swift/Bridging-Header.h";
				TARGETED_DEVICE_FAMILY = "1,2";
			};
			name = Release;
		};
		DA01B1D11DA4AADA00326C6B /* Debug */ = {
			isa = XCBuildConfiguration;
			baseConfigurationReference = DC06B8688FABEDBE4C1A6470 /* Pods-Hunger SwiftTests.debug.xcconfig */;
			buildSettings = {
				BUNDLE_LOADER = "$(TEST_HOST)";
				INFOPLIST_FILE = "Hunger SwiftTests/Info.plist";
				LD_RUNPATH_SEARCH_PATHS = "$(inherited) @executable_path/Frameworks @loader_path/Frameworks";
				PRODUCT_BUNDLE_IDENTIFIER = "com.harloch.Hunger-SwiftTests";
				PRODUCT_NAME = "$(TARGET_NAME)";
				TEST_HOST = "$(BUILT_PRODUCTS_DIR)/Hunger Swift.app/Hunger Swift";
			};
			name = Debug;
		};
		DA01B1D21DA4AADA00326C6B /* Release */ = {
			isa = XCBuildConfiguration;
			baseConfigurationReference = CDA507B4C19F2D91BA3E6341 /* Pods-Hunger SwiftTests.release.xcconfig */;
			buildSettings = {
				BUNDLE_LOADER = "$(TEST_HOST)";
				INFOPLIST_FILE = "Hunger SwiftTests/Info.plist";
				LD_RUNPATH_SEARCH_PATHS = "$(inherited) @executable_path/Frameworks @loader_path/Frameworks";
				PRODUCT_BUNDLE_IDENTIFIER = "com.harloch.Hunger-SwiftTests";
				PRODUCT_NAME = "$(TARGET_NAME)";
				TEST_HOST = "$(BUILT_PRODUCTS_DIR)/Hunger Swift.app/Hunger Swift";
			};
			name = Release;
		};
		DA01B1D41DA4AADA00326C6B /* Debug */ = {
			isa = XCBuildConfiguration;
			baseConfigurationReference = 59091E1C9960A3CD14F6EB54 /* Pods-Hunger SwiftUITests.debug.xcconfig */;
			buildSettings = {
				INFOPLIST_FILE = "Hunger SwiftUITests/Info.plist";
				LD_RUNPATH_SEARCH_PATHS = "$(inherited) @executable_path/Frameworks @loader_path/Frameworks";
				PRODUCT_BUNDLE_IDENTIFIER = "com.harloch.Hunger-SwiftUITests";
				PRODUCT_NAME = "$(TARGET_NAME)";
				TEST_TARGET_NAME = "Hunger Swift";
			};
			name = Debug;
		};
		DA01B1D51DA4AADA00326C6B /* Release */ = {
			isa = XCBuildConfiguration;
			baseConfigurationReference = 7625CE4006AC248389AB05FE /* Pods-Hunger SwiftUITests.release.xcconfig */;
			buildSettings = {
				INFOPLIST_FILE = "Hunger SwiftUITests/Info.plist";
				LD_RUNPATH_SEARCH_PATHS = "$(inherited) @executable_path/Frameworks @loader_path/Frameworks";
				PRODUCT_BUNDLE_IDENTIFIER = "com.harloch.Hunger-SwiftUITests";
				PRODUCT_NAME = "$(TARGET_NAME)";
				TEST_TARGET_NAME = "Hunger Swift";
			};
			name = Release;
		};
/* End XCBuildConfiguration section */

/* Begin XCConfigurationList section */
		DA01B19D1DA4AADA00326C6B /* Build configuration list for PBXProject "Hunger Swift" */ = {
			isa = XCConfigurationList;
			buildConfigurations = (
				DA01B1CB1DA4AADA00326C6B /* Debug */,
				DA01B1CC1DA4AADA00326C6B /* Release */,
			);
			defaultConfigurationIsVisible = 0;
			defaultConfigurationName = Release;
		};
		DA01B1CD1DA4AADA00326C6B /* Build configuration list for PBXNativeTarget "Hunger Swift" */ = {
			isa = XCConfigurationList;
			buildConfigurations = (
				DA01B1CE1DA4AADA00326C6B /* Debug */,
				DA01B1CF1DA4AADA00326C6B /* Release */,
			);
			defaultConfigurationIsVisible = 0;
			defaultConfigurationName = Release;
		};
		DA01B1D01DA4AADA00326C6B /* Build configuration list for PBXNativeTarget "Hunger SwiftTests" */ = {
			isa = XCConfigurationList;
			buildConfigurations = (
				DA01B1D11DA4AADA00326C6B /* Debug */,
				DA01B1D21DA4AADA00326C6B /* Release */,
			);
			defaultConfigurationIsVisible = 0;
			defaultConfigurationName = Release;
		};
		DA01B1D31DA4AADA00326C6B /* Build configuration list for PBXNativeTarget "Hunger SwiftUITests" */ = {
			isa = XCConfigurationList;
			buildConfigurations = (
				DA01B1D41DA4AADA00326C6B /* Debug */,
				DA01B1D51DA4AADA00326C6B /* Release */,
			);
			defaultConfigurationIsVisible = 0;
			defaultConfigurationName = Release;
		};
/* End XCConfigurationList section */

/* Begin XCVersionGroup section */
		DA01B1AC1DA4AADA00326C6B /* Hunger_Swift.xcdatamodeld */ = {
			isa = XCVersionGroup;
			children = (
				DA01B1AD1DA4AADA00326C6B /* Hunger_Swift.xcdatamodel */,
			);
			currentVersion = DA01B1AD1DA4AADA00326C6B /* Hunger_Swift.xcdatamodel */;
			path = Hunger_Swift.xcdatamodeld;
			sourceTree = "<group>";
			versionGroupType = wrapper.xcdatamodel;
		};
/* End XCVersionGroup section */
	};
	rootObject = DA01B19A1DA4AADA00326C6B /* Project object */;
}
